// !$*UTF8*$!
{
	archiveVersion = 1;
	classes = {
	};
	objectVersion = 46;
	objects = {

/* Begin PBXBuildFile section */
		7D3A7CB4128A949A0073D086 /* pass1.frag in Resources */ = {isa = PBXBuildFile; fileRef = 7D3A7CB0128A948F0073D086 /* pass1.frag */; };
		7D3A7CB5128A949A0073D086 /* pass1.vert in Resources */ = {isa = PBXBuildFile; fileRef = 7D3A7CB1128A948F0073D086 /* pass1.vert */; };
		7D3A7CB6128A949A0073D086 /* pass2.frag in Resources */ = {isa = PBXBuildFile; fileRef = 7D3A7CB2128A948F0073D086 /* pass2.frag */; };
		7D3A7CB7128A949A0073D086 /* pass2.vert in Resources */ = {isa = PBXBuildFile; fileRef = 7D3A7CB3128A948F0073D086 /* pass2.vert */; };
		7D4C1E50128ED502002F62F8 /* room.raw in Resources */ = {isa = PBXBuildFile; fileRef = 7D4C1E4F128ED502002F62F8 /* room.raw */; };
		7D7AF85F1222C8CC003A0434 /* opengl.icns in Resources */ = {isa = PBXBuildFile; fileRef = 7D7AF85E1222C8CC003A0434 /* opengl.icns */; };
		7D82B6481D3464E2006980FA /* HappyBudda.obj in Resources */ = {isa = PBXBuildFile; fileRef = 7D82B6471D3464E2006980FA /* HappyBudda.obj */; };
		7DA91BC9128665B4005010F2 /* glsl.cpp in Sources */ = {isa = PBXBuildFile; fileRef = 7DA91BC7128665B4005010F2 /* glsl.cpp */; };
		7DA91BCB128665BE005010F2 /* main.cpp in Sources */ = {isa = PBXBuildFile; fileRef = 7DA91BCA128665BE005010F2 /* main.cpp */; };
		7DA91BCE128665CE005010F2 /* Obj.cpp in Sources */ = {isa = PBXBuildFile; fileRef = 7DA91BCC128665CE005010F2 /* Obj.cpp */; };
		7DA91BD7128665F5005010F2 /* Trackball.cpp in Sources */ = {isa = PBXBuildFile; fileRef = 7DA91BD5128665F5005010F2 /* Trackball.cpp */; };
		7DA91C05128666AA005010F2 /* bunny.obj in Resources */ = {isa = PBXBuildFile; fileRef = 7DA91BFA12866662005010F2 /* bunny.obj */; };
		7DC60356128FF86C00204257 /* campus.raw in Resources */ = {isa = PBXBuildFile; fileRef = 7DC60355128FF86C00204257 /* campus.raw */; };
/* End PBXBuildFile section */

/* Begin PBXFileReference section */
		7D1E90EE1123E36C005E6C75 /* ssao.app */ = {isa = PBXFileReference; explicitFileType = wrapper.application; includeInIndex = 0; path = ssao.app; sourceTree = BUILT_PRODUCTS_DIR; };
		7D1E90F11123E36C005E6C75 /* Info.plist */ = {isa = PBXFileReference; lastKnownFileType = text.plist.xml; path = Info.plist; sourceTree = "<group>"; };
		7D3A7CB0128A948F0073D086 /* pass1.frag */ = {isa = PBXFileReference; fileEncoding = 8; lastKnownFileType = sourcecode.glsl; path = pass1.frag; sourceTree = "<group>"; };
		7D3A7CB1128A948F0073D086 /* pass1.vert */ = {isa = PBXFileReference; fileEncoding = 8; lastKnownFileType = sourcecode.glsl; path = pass1.vert; sourceTree = "<group>"; };
		7D3A7CB2128A948F0073D086 /* pass2.frag */ = {isa = PBXFileReference; fileEncoding = 8; lastKnownFileType = sourcecode.glsl; path = pass2.frag; sourceTree = "<group>"; };
		7D3A7CB3128A948F0073D086 /* pass2.vert */ = {isa = PBXFileReference; fileEncoding = 8; lastKnownFileType = sourcecode.glsl; path = pass2.vert; sourceTree = "<group>"; };
		7D4C1E4F128ED502002F62F8 /* room.raw */ = {isa = PBXFileReference; lastKnownFileType = file; path = room.raw; sourceTree = "<group>"; };
		7D7AF85E1222C8CC003A0434 /* opengl.icns */ = {isa = PBXFileReference; lastKnownFileType = image.icns; path = opengl.icns; sourceTree = "<group>"; };
		7D82B6471D3464E2006980FA /* HappyBudda.obj */ = {isa = PBXFileReference; lastKnownFileType = text; path = HappyBudda.obj; sourceTree = "<group>"; };
		7DA91BC7128665B4005010F2 /* glsl.cpp */ = {isa = PBXFileReference; fileEncoding = 8; lastKnownFileType = sourcecode.cpp.cpp; path = glsl.cpp; sourceTree = "<group>"; };
		7DA91BC8128665B4005010F2 /* glsl.h */ = {isa = PBXFileReference; fileEncoding = 8; lastKnownFileType = sourcecode.c.h; path = glsl.h; sourceTree = "<group>"; };
		7DA91BCA128665BE005010F2 /* main.cpp */ = {isa = PBXFileReference; fileEncoding = 8; lastKnownFileType = sourcecode.cpp.cpp; path = main.cpp; sourceTree = "<group>"; };
		7DA91BCC128665CE005010F2 /* Obj.cpp */ = {isa = PBXFileReference; fileEncoding = 8; lastKnownFileType = sourcecode.cpp.cpp; path = Obj.cpp; sourceTree = "<group>"; };
		7DA91BCD128665CE005010F2 /* Obj.h */ = {isa = PBXFileReference; fileEncoding = 8; lastKnownFileType = sourcecode.c.h; path = Obj.h; sourceTree = "<group>"; };
		7DA91BD5128665F5005010F2 /* Trackball.cpp */ = {isa = PBXFileReference; fileEncoding = 8; lastKnownFileType = sourcecode.cpp.cpp; path = Trackball.cpp; sourceTree = "<group>"; };
		7DA91BD6128665F5005010F2 /* Trackball.h */ = {isa = PBXFileReference; fileEncoding = 8; lastKnownFileType = sourcecode.c.h; path = Trackball.h; sourceTree = "<group>"; };
		7DA91BFA12866662005010F2 /* bunny.obj */ = {isa = PBXFileReference; fileEncoding = 8; lastKnownFileType = text; path = bunny.obj; sourceTree = "<group>"; };
		7DC60355128FF86C00204257 /* campus.raw */ = {isa = PBXFileReference; fileEncoding = 4; lastKnownFileType = text; path = campus.raw; sourceTree = "<group>"; };
/* End PBXFileReference section */

/* Begin PBXFrameworksBuildPhase section */
		7D1E90EC1123E36C005E6C75 /* Frameworks */ = {
			isa = PBXFrameworksBuildPhase;
			buildActionMask = 2147483647;
			files = (
			);
			runOnlyForDeploymentPostprocessing = 0;
		};
/* End PBXFrameworksBuildPhase section */

/* Begin PBXGroup section */
		7D1E90D81123E2F7005E6C75 = {
			isa = PBXGroup;
			children = (
				7D82B6471D3464E2006980FA /* HappyBudda.obj */,
				7DA91BCA128665BE005010F2 /* main.cpp */,
				7DA91BC7128665B4005010F2 /* glsl.cpp */,
				7DA91BC8128665B4005010F2 /* glsl.h */,
				7DA91BCC128665CE005010F2 /* Obj.cpp */,
				7DA91BCD128665CE005010F2 /* Obj.h */,
				7DA91BD5128665F5005010F2 /* Trackball.cpp */,
				7DA91BD6128665F5005010F2 /* Trackball.h */,
				7D3A7CB0128A948F0073D086 /* pass1.frag */,
				7D3A7CB1128A948F0073D086 /* pass1.vert */,
				7D3A7CB2128A948F0073D086 /* pass2.frag */,
				7D3A7CB3128A948F0073D086 /* pass2.vert */,
				7D4C1E4F128ED502002F62F8 /* room.raw */,
				7DC60355128FF86C00204257 /* campus.raw */,
				7DA91BFA12866662005010F2 /* bunny.obj */,
				7D1E90EF1123E36C005E6C75 /* Products */,
				7D1E90F11123E36C005E6C75 /* Info.plist */,
				7D7AF85E1222C8CC003A0434 /* opengl.icns */,
			);
			sourceTree = "<group>";
		};
		7D1E90EF1123E36C005E6C75 /* Products */ = {
			isa = PBXGroup;
			children = (
				7D1E90EE1123E36C005E6C75 /* ssao.app */,
			);
			name = Products;
			sourceTree = "<group>";
		};
/* End PBXGroup section */

/* Begin PBXNativeTarget section */
		7D1E90ED1123E36C005E6C75 /* ssao */ = {
			isa = PBXNativeTarget;
			buildConfigurationList = 7D1E90F41123E36D005E6C75 /* Build configuration list for PBXNativeTarget "ssao" */;
			buildPhases = (
				7D1E90EA1123E36C005E6C75 /* Resources */,
				7D1E90EB1123E36C005E6C75 /* Sources */,
				7D1E90EC1123E36C005E6C75 /* Frameworks */,
			);
			buildRules = (
			);
			dependencies = (
			);
			name = ssao;
			productName = ssao;
			productReference = 7D1E90EE1123E36C005E6C75 /* ssao.app */;
			productType = "com.apple.product-type.application";
		};
/* End PBXNativeTarget section */

/* Begin PBXProject section */
		7D1E90DA1123E2F7005E6C75 /* Project object */ = {
			isa = PBXProject;
			attributes = {
				LastUpgradeCheck = 0730;
			};
			buildConfigurationList = 7D1E90DD1123E2F7005E6C75 /* Build configuration list for PBXProject "ssao" */;
			compatibilityVersion = "Xcode 3.2";
			developmentRegion = English;
			hasScannedForEncodings = 0;
			knownRegions = (
				English,
				Japanese,
				French,
				German,
			);
			mainGroup = 7D1E90D81123E2F7005E6C75;
			productRefGroup = 7D1E90EF1123E36C005E6C75 /* Products */;
			projectDirPath = "";
			projectRoot = "";
			targets = (
				7D1E90ED1123E36C005E6C75 /* ssao */,
			);
		};
/* End PBXProject section */

/* Begin PBXResourcesBuildPhase section */
		7D1E90EA1123E36C005E6C75 /* Resources */ = {
			isa = PBXResourcesBuildPhase;
			buildActionMask = 2147483647;
			files = (
				7D3A7CB4128A949A0073D086 /* pass1.frag in Resources */,
				7D3A7CB5128A949A0073D086 /* pass1.vert in Resources */,
				7D3A7CB6128A949A0073D086 /* pass2.frag in Resources */,
				7D3A7CB7128A949A0073D086 /* pass2.vert in Resources */,
				7D7AF85F1222C8CC003A0434 /* opengl.icns in Resources */,
				7DA91C05128666AA005010F2 /* bunny.obj in Resources */,
				7D82B6481D3464E2006980FA /* HappyBudda.obj in Resources */,
				7D4C1E50128ED502002F62F8 /* room.raw in Resources */,
				7DC60356128FF86C00204257 /* campus.raw in Resources */,
			);
			runOnlyForDeploymentPostprocessing = 0;
		};
/* End PBXResourcesBuildPhase section */

/* Begin PBXSourcesBuildPhase section */
		7D1E90EB1123E36C005E6C75 /* Sources */ = {
			isa = PBXSourcesBuildPhase;
			buildActionMask = 2147483647;
			files = (
				7DA91BC9128665B4005010F2 /* glsl.cpp in Sources */,
				7DA91BCB128665BE005010F2 /* main.cpp in Sources */,
				7DA91BCE128665CE005010F2 /* Obj.cpp in Sources */,
				7DA91BD7128665F5005010F2 /* Trackball.cpp in Sources */,
			);
			runOnlyForDeploymentPostprocessing = 0;
		};
/* End PBXSourcesBuildPhase section */

/* Begin XCBuildConfiguration section */
		7D1E90DB1123E2F7005E6C75 /* Debug */ = {
			isa = XCBuildConfiguration;
			buildSettings = {
				COPY_PHASE_STRIP = NO;
				ENABLE_TESTABILITY = YES;
				ONLY_ACTIVE_ARCH = YES;
			};
			name = Debug;
		};
		7D1E90DC1123E2F7005E6C75 /* Release */ = {
			isa = XCBuildConfiguration;
			buildSettings = {
				COPY_PHASE_STRIP = YES;
			};
			name = Release;
		};
		7D1E90F21123E36D005E6C75 /* Debug */ = {
			isa = XCBuildConfiguration;
			buildSettings = {
				ALWAYS_SEARCH_USER_PATHS = NO;
				COMBINE_HIDPI_IMAGES = YES;
				COPY_PHASE_STRIP = NO;
				GCC_DYNAMIC_NO_PIC = NO;
				GCC_MODEL_TUNING = G5;
				GCC_OPTIMIZATION_LEVEL = 0;
				GCC_PRECOMPILE_PREFIX_HEADER = YES;
				GCC_PREFIX_HEADER = "";
				INFOPLIST_FILE = Info.plist;
				INSTALL_PATH = "$(HOME)/Applications";
				MACOSX_DEPLOYMENT_TARGET = 10.8;
				OTHER_LDFLAGS = (
					"-framework",
					GLUT,
					"-framework",
					OpenGL,
				);
				PRODUCT_BUNDLE_IDENTIFIER = "com.yourcompany.${PRODUCT_NAME:identifier}";
				PRODUCT_NAME = ssao;
			};
			name = Debug;
		};
		7D1E90F31123E36D005E6C75 /* Release */ = {
			isa = XCBuildConfiguration;
			buildSettings = {
				ALWAYS_SEARCH_USER_PATHS = NO;
				COMBINE_HIDPI_IMAGES = YES;
				COPY_PHASE_STRIP = YES;
				DEBUG_INFORMATION_FORMAT = "dwarf-with-dsym";
				GCC_MODEL_TUNING = G5;
				GCC_PRECOMPILE_PREFIX_HEADER = YES;
				GCC_PREFIX_HEADER = "";
				INFOPLIST_FILE = Info.plist;
				INSTALL_PATH = "$(HOME)/Applications";
				MACOSX_DEPLOYMENT_TARGET = 10.8;
				OTHER_LDFLAGS = (
					"-framework",
					GLUT,
					"-framework",
					OpenGL,
				);
				PRODUCT_BUNDLE_IDENTIFIER = "com.yourcompany.${PRODUCT_NAME:identifier}";
				PRODUCT_NAME = ssao;
				ZERO_LINK = NO;
			};
			name = Release;
		};
/* End XCBuildConfiguration section */

/* Begin XCConfigurationList section */
		7D1E90DD1123E2F7005E6C75 /* Build configuration list for PBXProject "ssao" */ = {
			isa = XCConfigurationList;
			buildConfigurations = (
				7D1E90DB1123E2F7005E6C75 /* Debug */,
				7D1E90DC1123E2F7005E6C75 /* Release */,
			);
			defaultConfigurationIsVisible = 0;
			defaultConfigurationName = Release;
		};
		7D1E90F41123E36D005E6C75 /* Build configuration list for PBXNativeTarget "ssao" */ = {
			isa = XCConfigurationList;
			buildConfigurations = (
				7D1E90F21123E36D005E6C75 /* Debug */,
				7D1E90F31123E36D005E6C75 /* Release */,
			);
			defaultConfigurationIsVisible = 0;
			defaultConfigurationName = Release;
		};
/* End XCConfigurationList section */
	};
	rootObject = 7D1E90DA1123E2F7005E6C75 /* Project object */;
}
